
Microsoft Visual Studio Solution File, Format Version 12.00
# Visual Studio Version 17
VisualStudioVersion = 17.5.33530.505
MinimumVisualStudioVersion = 10.0.40219.1
Project("{FAE04EC0-301F-11D3-BF4B-00C04F79EFBC}") = "LoopsExercise", "LoopsExercise\LoopsExercise.csproj", "{DA6945A1-37BB-41FE-9E30-BF5460DCFFE3}"
EndProject
Global
	GlobalSection(SolutionConfigurationPlatforms) = preSolution
		Debug|Any CPU = Debug|Any CPU
		Release|Any CPU = Release|Any CPU
	EndGlobalSection
	GlobalSection(ProjectConfigurationPlatforms) = postSolution
		{DA6945A1-37BB-41FE-9E30-BF5460DCFFE3}.Debug|Any CPU.ActiveCfg = Debug|Any CPU
		{DA6945A1-37BB-41FE-9E30-BF5460DCFFE3}.Debug|Any CPU.Build.0 = Debug|Any CPU
		{DA6945A1-37BB-41FE-9E30-BF5460DCFFE3}.Release|Any CPU.ActiveCfg = Release|Any CPU
		{DA6945A1-37BB-41FE-9E30-BF5460DCFFE3}.Release|Any CPU.Build.0 = Release|Any CPU
	EndGlobalSection
	GlobalSection(SolutionProperties) = preSolution
		HideSolutionNode = FALSE
	EndGlobalSection
	GlobalSection(ExtensibilityGlobals) = postSolution
		SolutionGuid = {52DBDFF5-D87C-4DB3-B1F9-144D58F94410}
	EndGlobalSection
EndGlobal
